
Microsoft Visual Studio Solution File, Format Version 12.00
# Visual Studio 2012
Project("{FAE04EC0-301F-11D3-BF4B-00C04F79EFBC}") = "ActionHandler", "ActionHandler\ActionHandler.csproj", "{CDB365FD-663E-4EBA-88F2-C1ADCE6CB092}"
EndProject
Project("{FAE04EC0-301F-11D3-BF4B-00C04F79EFBC}") = "BussinessLogic", "BussinessLogic\BussinessLogic.csproj", "{B398596C-F3BD-4201-B518-B38F7B6943EB}"
EndProject
Project("{FAE04EC0-301F-11D3-BF4B-00C04F79EFBC}") = "CMS", "CMS\CMS.csproj", "{85FE1AC2-FE13-4C0F-A5B6-FDF35C0BAAA6}"
EndProject
Project("{FAE04EC0-301F-11D3-BF4B-00C04F79EFBC}") = "DataAccess", "DataAccesss\DataAccess.csproj", "{6F7D0EDC-E69C-4BDC-B156-9AF9DD9CBE82}"
EndProject
Project("{FAE04EC0-301F-11D3-BF4B-00C04F79EFBC}") = "EntitiesExt", "Entities\EntitiesExt.csproj", "{33744C62-A932-4E17-8839-A3871C4B4FC2}"
EndProject
Project("{FAE04EC0-301F-11D3-BF4B-00C04F79EFBC}") = "Library", "Library\Library.csproj", "{27D615F6-A77C-4CAE-B476-A8F9D71CC71E}"
EndProject
Project("{FAE04EC0-301F-11D3-BF4B-00C04F79EFBC}") = "CORE", "CORE\CORE.csproj", "{00C0CB4D-6D23-41FA-9AA9-C6D8D282F729}"
EndProject
Project("{FAE04EC0-301F-11D3-BF4B-00C04F79EFBC}") = "EnglishCamp", "EnglishCamp\EnglishCamp.csproj", "{552A7788-70AD-4181-828D-B4E532102A51}"
EndProject
Global
	GlobalSection(SolutionConfigurationPlatforms) = preSolution
		CD_ROM|Any CPU = CD_ROM|Any CPU
		Debug|Any CPU = Debug|Any CPU
		DVD-5|Any CPU = DVD-5|Any CPU
		Release|Any CPU = Release|Any CPU
		SingleImage|Any CPU = SingleImage|Any CPU
	EndGlobalSection
	GlobalSection(ProjectConfigurationPlatforms) = postSolution
		{CDB365FD-663E-4EBA-88F2-C1ADCE6CB092}.CD_ROM|Any CPU.ActiveCfg = Release|Any CPU
		{CDB365FD-663E-4EBA-88F2-C1ADCE6CB092}.CD_ROM|Any CPU.Build.0 = Release|Any CPU
		{CDB365FD-663E-4EBA-88F2-C1ADCE6CB092}.Debug|Any CPU.ActiveCfg = Debug|Any CPU
		{CDB365FD-663E-4EBA-88F2-C1ADCE6CB092}.Debug|Any CPU.Build.0 = Debug|Any CPU
		{CDB365FD-663E-4EBA-88F2-C1ADCE6CB092}.DVD-5|Any CPU.ActiveCfg = Debug|Any CPU
		{CDB365FD-663E-4EBA-88F2-C1ADCE6CB092}.DVD-5|Any CPU.Build.0 = Debug|Any CPU
		{CDB365FD-663E-4EBA-88F2-C1ADCE6CB092}.Release|Any CPU.ActiveCfg = Release|Any CPU
		{CDB365FD-663E-4EBA-88F2-C1ADCE6CB092}.Release|Any CPU.Build.0 = Release|Any CPU
		{CDB365FD-663E-4EBA-88F2-C1ADCE6CB092}.SingleImage|Any CPU.ActiveCfg = Release|Any CPU
		{CDB365FD-663E-4EBA-88F2-C1ADCE6CB092}.SingleImage|Any CPU.Build.0 = Release|Any CPU
		{B398596C-F3BD-4201-B518-B38F7B6943EB}.CD_ROM|Any CPU.ActiveCfg = Release|Any CPU
		{B398596C-F3BD-4201-B518-B38F7B6943EB}.CD_ROM|Any CPU.Build.0 = Release|Any CPU
		{B398596C-F3BD-4201-B518-B38F7B6943EB}.Debug|Any CPU.ActiveCfg = Debug|Any CPU
		{B398596C-F3BD-4201-B518-B38F7B6943EB}.Debug|Any CPU.Build.0 = Debug|Any CPU
		{B398596C-F3BD-4201-B518-B38F7B6943EB}.DVD-5|Any CPU.ActiveCfg = Debug|Any CPU
		{B398596C-F3BD-4201-B518-B38F7B6943EB}.DVD-5|Any CPU.Build.0 = Debug|Any CPU
		{B398596C-F3BD-4201-B518-B38F7B6943EB}.Release|Any CPU.ActiveCfg = Release|Any CPU
		{B398596C-F3BD-4201-B518-B38F7B6943EB}.Release|Any CPU.Build.0 = Release|Any CPU
		{B398596C-F3BD-4201-B518-B38F7B6943EB}.SingleImage|Any CPU.ActiveCfg = Release|Any CPU
		{B398596C-F3BD-4201-B518-B38F7B6943EB}.SingleImage|Any CPU.Build.0 = Release|Any CPU
		{85FE1AC2-FE13-4C0F-A5B6-FDF35C0BAAA6}.CD_ROM|Any CPU.ActiveCfg = Release|Any CPU
		{85FE1AC2-FE13-4C0F-A5B6-FDF35C0BAAA6}.CD_ROM|Any CPU.Build.0 = Release|Any CPU
		{85FE1AC2-FE13-4C0F-A5B6-FDF35C0BAAA6}.Debug|Any CPU.ActiveCfg = Debug|Any CPU
		{85FE1AC2-FE13-4C0F-A5B6-FDF35C0BAAA6}.Debug|Any CPU.Build.0 = Debug|Any CPU
		{85FE1AC2-FE13-4C0F-A5B6-FDF35C0BAAA6}.DVD-5|Any CPU.ActiveCfg = Debug|Any CPU
		{85FE1AC2-FE13-4C0F-A5B6-FDF35C0BAAA6}.DVD-5|Any CPU.Build.0 = Debug|Any CPU
		{85FE1AC2-FE13-4C0F-A5B6-FDF35C0BAAA6}.Release|Any CPU.ActiveCfg = Release|Any CPU
		{85FE1AC2-FE13-4C0F-A5B6-FDF35C0BAAA6}.Release|Any CPU.Build.0 = Release|Any CPU
		{85FE1AC2-FE13-4C0F-A5B6-FDF35C0BAAA6}.SingleImage|Any CPU.ActiveCfg = Release|Any CPU
		{85FE1AC2-FE13-4C0F-A5B6-FDF35C0BAAA6}.SingleImage|Any CPU.Build.0 = Release|Any CPU
		{6F7D0EDC-E69C-4BDC-B156-9AF9DD9CBE82}.CD_ROM|Any CPU.ActiveCfg = Release|Any CPU
		{6F7D0EDC-E69C-4BDC-B156-9AF9DD9CBE82}.CD_ROM|Any CPU.Build.0 = Release|Any CPU
		{6F7D0EDC-E69C-4BDC-B156-9AF9DD9CBE82}.Debug|Any CPU.ActiveCfg = Debug|Any CPU
		{6F7D0EDC-E69C-4BDC-B156-9AF9DD9CBE82}.Debug|Any CPU.Build.0 = Debug|Any CPU
		{6F7D0EDC-E69C-4BDC-B156-9AF9DD9CBE82}.DVD-5|Any CPU.ActiveCfg = Debug|Any CPU
		{6F7D0EDC-E69C-4BDC-B156-9AF9DD9CBE82}.DVD-5|Any CPU.Build.0 = Debug|Any CPU
		{6F7D0EDC-E69C-4BDC-B156-9AF9DD9CBE82}.Release|Any CPU.ActiveCfg = Release|Any CPU
		{6F7D0EDC-E69C-4BDC-B156-9AF9DD9CBE82}.Release|Any CPU.Build.0 = Release|Any CPU
		{6F7D0EDC-E69C-4BDC-B156-9AF9DD9CBE82}.SingleImage|Any CPU.ActiveCfg = Release|Any CPU
		{6F7D0EDC-E69C-4BDC-B156-9AF9DD9CBE82}.SingleImage|Any CPU.Build.0 = Release|Any CPU
		{33744C62-A932-4E17-8839-A3871C4B4FC2}.CD_ROM|Any CPU.ActiveCfg = Release|Any CPU
		{33744C62-A932-4E17-8839-A3871C4B4FC2}.CD_ROM|Any CPU.Build.0 = Release|Any CPU
		{33744C62-A932-4E17-8839-A3871C4B4FC2}.Debug|Any CPU.ActiveCfg = Debug|Any CPU
		{33744C62-A932-4E17-8839-A3871C4B4FC2}.Debug|Any CPU.Build.0 = Debug|Any CPU
		{33744C62-A932-4E17-8839-A3871C4B4FC2}.DVD-5|Any CPU.ActiveCfg = Debug|Any CPU
		{33744C62-A932-4E17-8839-A3871C4B4FC2}.DVD-5|Any CPU.Build.0 = Debug|Any CPU
		{33744C62-A932-4E17-8839-A3871C4B4FC2}.Release|Any CPU.ActiveCfg = Release|Any CPU
		{33744C62-A932-4E17-8839-A3871C4B4FC2}.Release|Any CPU.Build.0 = Release|Any CPU
		{33744C62-A932-4E17-8839-A3871C4B4FC2}.SingleImage|Any CPU.ActiveCfg = Release|Any CPU
		{33744C62-A932-4E17-8839-A3871C4B4FC2}.SingleImage|Any CPU.Build.0 = Release|Any CPU
		{27D615F6-A77C-4CAE-B476-A8F9D71CC71E}.CD_ROM|Any CPU.ActiveCfg = Release|Any CPU
		{27D615F6-A77C-4CAE-B476-A8F9D71CC71E}.CD_ROM|Any CPU.Build.0 = Release|Any CPU
		{27D615F6-A77C-4CAE-B476-A8F9D71CC71E}.Debug|Any CPU.ActiveCfg = Debug|Any CPU
		{27D615F6-A77C-4CAE-B476-A8F9D71CC71E}.Debug|Any CPU.Build.0 = Debug|Any CPU
		{27D615F6-A77C-4CAE-B476-A8F9D71CC71E}.DVD-5|Any CPU.ActiveCfg = Debug|Any CPU
		{27D615F6-A77C-4CAE-B476-A8F9D71CC71E}.DVD-5|Any CPU.Build.0 = Debug|Any CPU
		{27D615F6-A77C-4CAE-B476-A8F9D71CC71E}.Release|Any CPU.ActiveCfg = Release|Any CPU
		{27D615F6-A77C-4CAE-B476-A8F9D71CC71E}.Release|Any CPU.Build.0 = Release|Any CPU
		{27D615F6-A77C-4CAE-B476-A8F9D71CC71E}.SingleImage|Any CPU.ActiveCfg = Release|Any CPU
		{27D615F6-A77C-4CAE-B476-A8F9D71CC71E}.SingleImage|Any CPU.Build.0 = Release|Any CPU
		{00C0CB4D-6D23-41FA-9AA9-C6D8D282F729}.CD_ROM|Any CPU.ActiveCfg = Release|Any CPU
		{00C0CB4D-6D23-41FA-9AA9-C6D8D282F729}.CD_ROM|Any CPU.Build.0 = Release|Any CPU
		{00C0CB4D-6D23-41FA-9AA9-C6D8D282F729}.Debug|Any CPU.ActiveCfg = Debug|Any CPU
		{00C0CB4D-6D23-41FA-9AA9-C6D8D282F729}.Debug|Any CPU.Build.0 = Debug|Any CPU
		{00C0CB4D-6D23-41FA-9AA9-C6D8D282F729}.DVD-5|Any CPU.ActiveCfg = Debug|Any CPU
		{00C0CB4D-6D23-41FA-9AA9-C6D8D282F729}.DVD-5|Any CPU.Build.0 = Debug|Any CPU
		{00C0CB4D-6D23-41FA-9AA9-C6D8D282F729}.Release|Any CPU.ActiveCfg = Release|Any CPU
		{00C0CB4D-6D23-41FA-9AA9-C6D8D282F729}.Release|Any CPU.Build.0 = Release|Any CPU
		{00C0CB4D-6D23-41FA-9AA9-C6D8D282F729}.SingleImage|Any CPU.ActiveCfg = Release|Any CPU
		{00C0CB4D-6D23-41FA-9AA9-C6D8D282F729}.SingleImage|Any CPU.Build.0 = Release|Any CPU
		{552A7788-70AD-4181-828D-B4E532102A51}.CD_ROM|Any CPU.ActiveCfg = Release|Any CPU
		{552A7788-70AD-4181-828D-B4E532102A51}.CD_ROM|Any CPU.Build.0 = Release|Any CPU
		{552A7788-70AD-4181-828D-B4E532102A51}.Debug|Any CPU.ActiveCfg = Debug|Any CPU
		{552A7788-70AD-4181-828D-B4E532102A51}.Debug|Any CPU.Build.0 = Debug|Any CPU
		{552A7788-70AD-4181-828D-B4E532102A51}.DVD-5|Any CPU.ActiveCfg = Debug|Any CPU
		{552A7788-70AD-4181-828D-B4E532102A51}.DVD-5|Any CPU.Build.0 = Debug|Any CPU
		{552A7788-70AD-4181-828D-B4E532102A51}.Release|Any CPU.ActiveCfg = Release|Any CPU
		{552A7788-70AD-4181-828D-B4E532102A51}.Release|Any CPU.Build.0 = Release|Any CPU
		{552A7788-70AD-4181-828D-B4E532102A51}.SingleImage|Any CPU.ActiveCfg = Release|Any CPU
		{552A7788-70AD-4181-828D-B4E532102A51}.SingleImage|Any CPU.Build.0 = Release|Any CPU
	EndGlobalSection
	GlobalSection(SolutionProperties) = preSolution
		HideSolutionNode = FALSE
	EndGlobalSection
	GlobalSection(SubversionScc) = preSolution
		Svn-Managed = True
		Manager = AnkhSVN - Subversion Support for Visual Studio
	EndGlobalSection
EndGlobal
